
Microsoft Visual Studio Solution File, Format Version 12.00
# Visual Studio Version 16
VisualStudioVersion = 16.0.31729.503
MinimumVisualStudioVersion = 10.0.40219.1
Project("{FAE04EC0-301F-11D3-BF4B-00C04F79EFBC}") = "FractalMachine", "FractalMachine\FractalMachine.csproj", "{96F74211-7B6C-4709-A304-E910895D0605}"
EndProject
Project("{FAE04EC0-301F-11D3-BF4B-00C04F79EFBC}") = "FractalMachineLib", "FractalMachineLib\FractalMachineLib.csproj", "{B184D945-778C-4652-895A-EDDE92D5748D}"
EndProject
Global
	GlobalSection(SolutionConfigurationPlatforms) = preSolution
		Debug|Any CPU = Debug|Any CPU
		Release|Any CPU = Release|Any CPU
	EndGlobalSection
	GlobalSection(ProjectConfigurationPlatforms) = postSolution
		{96F74211-7B6C-4709-A304-E910895D0605}.Debug|Any CPU.ActiveCfg = Debug|Any CPU
		{96F74211-7B6C-4709-A304-E910895D0605}.Debug|Any CPU.Build.0 = Debug|Any CPU
		{96F74211-7B6C-4709-A304-E910895D0605}.Release|Any CPU.ActiveCfg = Release|Any CPU
		{96F74211-7B6C-4709-A304-E910895D0605}.Release|Any CPU.Build.0 = Release|Any CPU
		{B184D945-778C-4652-895A-EDDE92D5748D}.Debug|Any CPU.ActiveCfg = Debug|Any CPU
		{B184D945-778C-4652-895A-EDDE92D5748D}.Debug|Any CPU.Build.0 = Debug|Any CPU
		{B184D945-778C-4652-895A-EDDE92D5748D}.Release|Any CPU.ActiveCfg = Release|Any CPU
		{B184D945-778C-4652-895A-EDDE92D5748D}.Release|Any CPU.Build.0 = Release|Any CPU
	EndGlobalSection
	GlobalSection(SolutionProperties) = preSolution
		HideSolutionNode = FALSE
	EndGlobalSection
	GlobalSection(ExtensibilityGlobals) = postSolution
		SolutionGuid = {3D330868-940D-4C85-9AEF-E674542C8F76}
	EndGlobalSection
EndGlobal
